<?xml version="1.0" encoding="utf-8"?>
<Project ToolsVersion="4.0" xmlns="http://schemas.microsoft.com/developer/msbuild/2003">
  <ItemGroup>
    <Filter Include="Source Files">
      <UniqueIdentifier>{4FC737F1-C7A5-4376-A066-2A32D752A2FF}</UniqueIdentifier>
      <Extensions>cpp;c;cc;cxx;def;odl;idl;hpj;bat;asm;asmx</Extensions>
    </Filter>
    <Filter Include="Header Files">
      <UniqueIdentifier>{93995380-89BD-4b04-88EB-625FBE52EBFB}</UniqueIdentifier>
      <Extensions>h;hh;hpp;hxx;hm;inl;inc;xsd</Extensions>
    </Filter>
    <Filter Include="Resource Files">
      <UniqueIdentifier>{67DA6AB6-F800-4c08-8B7A-83BB121AAD01}</UniqueIdentifier>
      <Extensions>rc;ico;cur;bmp;dlg;rc2;rct;bin;rgs;gif;jpg;jpeg;jpe;resx;tiff;tif;png;wav;mfcribbon-ms</Extensions>
    </Filter>
    <Filter Include="External">
      <UniqueIdentifier>{b9950f1c-d437-481e-a5a3-032057b37024}</UniqueIdentifier>
    </Filter>
    <Filter Include="External\libusb">
      <UniqueIdentifier>{14dc2b4f-372d-44ea-a8ca-c4865455aab9}</UniqueIdentifier>
    </Filter>
    <Filter Include="External\libusb\include">
      <UniqueIdentifier>{cad5de4b-f29e-4183-bd5f-b9514638839a}</UniqueIdentifier>
    </Filter>
    <Filter Include="External\libusb\include\libusb-1.0">
      <UniqueIdentifier>{a8b9f473-befa-4f05-831b-2252e6cebd89}</UniqueIdentifier>
    </Filter>
    <Filter Include="External\ViGEmUM">
      <UniqueIdentifier>{86b0524c-2e69-40ec-a021-92f656f7bf36}</UniqueIdentifier>
    </Filter>
    <Filter Include="External\ViGEmUM\include">
      <UniqueIdentifier>{6b3e1349-d7a7-497a-8d93-a55793d523e4}</UniqueIdentifier>
    </Filter>
    <Filter Include="External\libusb\MS32">
      <UniqueIdentifier>{669f7dac-c20a-4f47-baa3-e565023c37ca}</UniqueIdentifier>
    </Filter>
    <Filter Include="External\libusb\MS32\dll">
      <UniqueIdentifier>{e11b6809-d0d9-484a-a33b-c2f9acae7ac6}</UniqueIdentifier>
    </Filter>
    <Filter Include="External\libusb\MS64">
      <UniqueIdentifier>{3d60b298-91b4-4661-a22b-85d0a6428a09}</UniqueIdentifier>
    </Filter>
    <Filter Include="External\libusb\MS64\dll">
      <UniqueIdentifier>{471be7eb-64a9-43c8-b1d2-f2d08a6b3c24}</UniqueIdentifier>
    </Filter>
    <Filter Include="External\ViGEmUM\x86">
      <UniqueIdentifier>{decf3555-ea89-4955-82c1-bdd376c863e0}</UniqueIdentifier>
    </Filter>
    <Filter Include="External\ViGEmUM\x64">
      <UniqueIdentifier>{fe8af3a8-640a-4373-8d63-8550143948bc}</UniqueIdentifier>
    </Filter>
  </ItemGroup>
  <ItemGroup>
    <ClInclude Include="common.h">
      <Filter>Header Files</Filter>
    </ClInclude>
    <ClInclude Include="ProControllerDevice.h">
      <Filter>Header Files</Filter>
    </ClInclude>
    <ClInclude Include="switch-pro-x.h">
      <Filter>Header Files</Filter>
    </ClInclude>
    <ClInclude Include="connection_callback.h">
      <Filter>Header Files</Filter>
    </ClInclude>
    <ClInclude Include="External\libusb\include\libusb-1.0\libusb.h">
      <Filter>External\libusb\include\libusb-1.0</Filter>
    </ClInclude>
    <ClInclude Include="External\ViGEmUM\include\ViGEmBusShared.h">
      <Filter>External\ViGEmUM\include</Filter>
    </ClInclude>
    <ClInclude Include="External\ViGEmUM\include\ViGEmUM.h">
      <Filter>External\ViGEmUM\include</Filter>
    </ClInclude>
  </ItemGroup>
  <ItemGroup>
    <ClCompile Include="switch-pro-x.cpp">
      <Filter>Source Files</Filter>
    </ClCompile>
    <ClCompile Include="connection_callback.cpp">
      <Filter>Source Files</Filter>
    </ClCompile>
    <ClCompile Include="ProControllerDevice.cpp">
      <Filter>Source Files</Filter>
    </ClCompile>
  </ItemGroup>
  <ItemGroup>
    <None Include="External\libusb\MS32\dll\libusb-1.0.dll">
      <Filter>External\libusb\MS32\dll</Filter>
    </None>
    <None Include="External\libusb\MS32\dll\libusb-1.0.pdb">
      <Filter>External\libusb\MS32\dll</Filter>
    </None>
    <None Include="External\libusb\MS64\dll\libusb-1.0.pdb">
      <Filter>External\libusb\MS64\dll</Filter>
    </None>
    <None Include="External\libusb\MS64\dll\libusb-1.0.dll">
      <Filter>External\libusb\MS64\dll</Filter>
    </None>
    <None Include="External\ViGEmUM\x64\ViGEmUM.dll">
      <Filter>External\ViGEmUM\x64</Filter>
    </None>
    <None Include="External\ViGEmUM\x86\ViGEmUM.dll">
      <Filter>External\ViGEmUM\x86</Filter>
    </None>
  </ItemGroup>
  <ItemGroup>
    <Library Include="External\libusb\MS32\dll\libusb-1.0.lib">
      <Filter>External\libusb\MS32\dll</Filter>
    </Library>
    <Library Include="External\libusb\MS64\dll\libusb-1.0.lib">
      <Filter>External\libusb\MS64\dll</Filter>
    </Library>
    <Library Include="External\ViGEmUM\x64\ViGEmUM.lib">
      <Filter>External\ViGEmUM\x64</Filter>
    </Library>
    <Library Include="External\ViGEmUM\x86\ViGEmUM.lib">
      <Filter>External\ViGEmUM\x86</Filter>
    </Library>
  </ItemGroup>
</Project>